// !$*UTF8*$!
{
	archiveVersion = 1;
	classes = {
	};
	objectVersion = 56;
	objects = {

/* Begin PBXBuildFile section */
		76751E4D29C541D70013BBDF /* Reducer.swift in Sources */ = {isa = PBXBuildFile; fileRef = 76751E4C29C541D70013BBDF /* Reducer.swift */; };
		76751E4F29C542110013BBDF /* AppState.swift in Sources */ = {isa = PBXBuildFile; fileRef = 76751E4E29C542110013BBDF /* AppState.swift */; };
		76751E5129C5424C0013BBDF /* Store.swift in Sources */ = {isa = PBXBuildFile; fileRef = 76751E5029C5424C0013BBDF /* Store.swift */; };
		76751E5329C542F10013BBDF /* AppAction.swift in Sources */ = {isa = PBXBuildFile; fileRef = 76751E5229C542F10013BBDF /* AppAction.swift */; };
		76751E5529C544DC0013BBDF /* Configuration.swift in Sources */ = {isa = PBXBuildFile; fileRef = 76751E5429C544DC0013BBDF /* Configuration.swift */; };
		76751E5729C547350013BBDF /* ColorSchemeSetting.swift in Sources */ = {isa = PBXBuildFile; fileRef = 76751E5629C547350013BBDF /* ColorSchemeSetting.swift */; };
		76751E5929C547570013BBDF /* Favorite.swift in Sources */ = {isa = PBXBuildFile; fileRef = 76751E5829C547570013BBDF /* Favorite.swift */; };
		76751E5C29C5478C0013BBDF /* CloudStorage in Frameworks */ = {isa = PBXBuildFile; productRef = 76751E5B29C5478C0013BBDF /* CloudStorage */; };
		76751E5E29C556500013BBDF /* TabDestination.swift in Sources */ = {isa = PBXBuildFile; fileRef = 76751E5D29C556500013BBDF /* TabDestination.swift */; };
		76AC258329C2E23A007874DA /* MovieHunterApp.swift in Sources */ = {isa = PBXBuildFile; fileRef = 76AC258229C2E23A007874DA /* MovieHunterApp.swift */; };
		76AC258529C2E23A007874DA /* ContentView.swift in Sources */ = {isa = PBXBuildFile; fileRef = 76AC258429C2E23A007874DA /* ContentView.swift */; };
		76AC258729C2E23B007874DA /* Assets.xcassets in Resources */ = {isa = PBXBuildFile; fileRef = 76AC258629C2E23B007874DA /* Assets.xcassets */; };
		76AC258B29C2E23B007874DA /* Preview Assets.xcassets in Resources */ = {isa = PBXBuildFile; fileRef = 76AC258A29C2E23B007874DA /* Preview Assets.xcassets */; };
		76AC259529C2E2A0007874DA /* TMDb in Frameworks */ = {isa = PBXBuildFile; productRef = 76AC259429C2E2A0007874DA /* TMDb */; };
		76AC259829C2E2D4007874DA /* Nuke in Frameworks */ = {isa = PBXBuildFile; productRef = 76AC259729C2E2D4007874DA /* Nuke */; };
		76AC259A29C2E2D4007874DA /* NukeExtensions in Frameworks */ = {isa = PBXBuildFile; productRef = 76AC259929C2E2D4007874DA /* NukeExtensions */; };
		76AC259C29C2E2D4007874DA /* NukeUI in Frameworks */ = {isa = PBXBuildFile; productRef = 76AC259B29C2E2D4007874DA /* NukeUI */; };
		76AC259E29C2E2D4007874DA /* NukeVideo in Frameworks */ = {isa = PBXBuildFile; productRef = 76AC259D29C2E2D4007874DA /* NukeVideo */; };
		76AC25A629C2E350007874DA /* DeviceStatus.swift in Sources */ = {isa = PBXBuildFile; fileRef = 76AC25A529C2E350007874DA /* DeviceStatus.swift */; };
		76AC25A929C2E35C007874DA /* Shape.swift in Sources */ = {isa = PBXBuildFile; fileRef = 76AC25A729C2E35B007874DA /* Shape.swift */; };
		76AC25AA29C2E35C007874DA /* ViewExtension.swift in Sources */ = {isa = PBXBuildFile; fileRef = 76AC25A829C2E35B007874DA /* ViewExtension.swift */; };
		76AC25AC29C2E369007874DA /* Pipeline.swift in Sources */ = {isa = PBXBuildFile; fileRef = 76AC25AB29C2E369007874DA /* Pipeline.swift */; };
		76AC25B129C2E37C007874DA /* MovieItemPoster.swift in Sources */ = {isa = PBXBuildFile; fileRef = 76AC25AD29C2E37B007874DA /* MovieItemPoster.swift */; };
		76AC25B229C2E37C007874DA /* BookMarkButton.swift in Sources */ = {isa = PBXBuildFile; fileRef = 76AC25AE29C2E37B007874DA /* BookMarkButton.swift */; };
		76AC25B329C2E37C007874DA /* MovieItem.swift in Sources */ = {isa = PBXBuildFile; fileRef = 76AC25AF29C2E37C007874DA /* MovieItem.swift */; };
		76AC25B429C2E37C007874DA /* MovieShortInfo.swift in Sources */ = {isa = PBXBuildFile; fileRef = 76AC25B029C2E37C007874DA /* MovieShortInfo.swift */; };
		76AC25B629C2E381007874DA /* Rate.swift in Sources */ = {isa = PBXBuildFile; fileRef = 76AC25B529C2E381007874DA /* Rate.swift */; };
		76AC25BB29C2E4C2007874DA /* Localizable.strings in Resources */ = {isa = PBXBuildFile; fileRef = 76AC25BD29C2E4C2007874DA /* Localizable.strings */; };
		76AC25C029C2E7DC007874DA /* DebugResources.swift in Sources */ = {isa = PBXBuildFile; fileRef = 76AC25BF29C2E7DC007874DA /* DebugResources.swift */; };
		76AC25C329C2E82A007874DA /* PersonPortrait.swift in Sources */ = {isa = PBXBuildFile; fileRef = 76AC25C229C2E82A007874DA /* PersonPortrait.swift */; };
		76AC25C629C2EA5F007874DA /* MovieItemWrapper.swift in Sources */ = {isa = PBXBuildFile; fileRef = 76AC25C529C2EA5F007874DA /* MovieItemWrapper.swift */; };
		76AC25C829C2EAA1007874DA /* TMDBConfiguration.swift in Sources */ = {isa = PBXBuildFile; fileRef = 76AC25C729C2EAA1007874DA /* TMDBConfiguration.swift */; };
		76AC25CB29C2EB06007874DA /* TMDBEnviromentKey.swift in Sources */ = {isa = PBXBuildFile; fileRef = 76AC25CA29C2EB06007874DA /* TMDBEnviromentKey.swift */; };
		76AC25FF29C3F4D0007874DA /* MovieGenre.swift in Sources */ = {isa = PBXBuildFile; fileRef = 76AC25FE29C3F4D0007874DA /* MovieGenre.swift */; };
		76AC260129C45C69007874DA /* Destination.swift in Sources */ = {isa = PBXBuildFile; fileRef = 76AC260029C45C69007874DA /* Destination.swift */; };
/* End PBXBuildFile section */

/* Begin PBXFileReference section */
		76751E4C29C541D70013BBDF /* Reducer.swift */ = {isa = PBXFileReference; lastKnownFileType = sourcecode.swift; path = Reducer.swift; sourceTree = "<group>"; };
		76751E4E29C542110013BBDF /* AppState.swift */ = {isa = PBXFileReference; lastKnownFileType = sourcecode.swift; path = AppState.swift; sourceTree = "<group>"; };
		76751E5029C5424C0013BBDF /* Store.swift */ = {isa = PBXFileReference; lastKnownFileType = sourcecode.swift; path = Store.swift; sourceTree = "<group>"; };
		76751E5229C542F10013BBDF /* AppAction.swift */ = {isa = PBXFileReference; lastKnownFileType = sourcecode.swift; path = AppAction.swift; sourceTree = "<group>"; };
		76751E5429C544DC0013BBDF /* Configuration.swift */ = {isa = PBXFileReference; lastKnownFileType = sourcecode.swift; path = Configuration.swift; sourceTree = "<group>"; };
		76751E5629C547350013BBDF /* ColorSchemeSetting.swift */ = {isa = PBXFileReference; lastKnownFileType = sourcecode.swift; path = ColorSchemeSetting.swift; sourceTree = "<group>"; };
		76751E5829C547570013BBDF /* Favorite.swift */ = {isa = PBXFileReference; lastKnownFileType = sourcecode.swift; path = Favorite.swift; sourceTree = "<group>"; };
		76751E5D29C556500013BBDF /* TabDestination.swift */ = {isa = PBXFileReference; lastKnownFileType = sourcecode.swift; path = TabDestination.swift; sourceTree = "<group>"; };
		76AC257F29C2E23A007874DA /* MovieHunter.app */ = {isa = PBXFileReference; explicitFileType = wrapper.application; includeInIndex = 0; path = MovieHunter.app; sourceTree = BUILT_PRODUCTS_DIR; };
		76AC258229C2E23A007874DA /* MovieHunterApp.swift */ = {isa = PBXFileReference; lastKnownFileType = sourcecode.swift; path = MovieHunterApp.swift; sourceTree = "<group>"; };
		76AC258429C2E23A007874DA /* ContentView.swift */ = {isa = PBXFileReference; lastKnownFileType = sourcecode.swift; path = ContentView.swift; sourceTree = "<group>"; };
		76AC258629C2E23B007874DA /* Assets.xcassets */ = {isa = PBXFileReference; lastKnownFileType = folder.assetcatalog; path = Assets.xcassets; sourceTree = "<group>"; };
		76AC258829C2E23B007874DA /* MovieHunter.entitlements */ = {isa = PBXFileReference; lastKnownFileType = text.plist.entitlements; path = MovieHunter.entitlements; sourceTree = "<group>"; };
		76AC258A29C2E23B007874DA /* Preview Assets.xcassets */ = {isa = PBXFileReference; lastKnownFileType = folder.assetcatalog; path = "Preview Assets.xcassets"; sourceTree = "<group>"; };
		76AC25A529C2E350007874DA /* DeviceStatus.swift */ = {isa = PBXFileReference; fileEncoding = 4; lastKnownFileType = sourcecode.swift; path = DeviceStatus.swift; sourceTree = "<group>"; };
		76AC25A729C2E35B007874DA /* Shape.swift */ = {isa = PBXFileReference; fileEncoding = 4; lastKnownFileType = sourcecode.swift; path = Shape.swift; sourceTree = "<group>"; };
		76AC25A829C2E35B007874DA /* ViewExtension.swift */ = {isa = PBXFileReference; fileEncoding = 4; lastKnownFileType = sourcecode.swift; path = ViewExtension.swift; sourceTree = "<group>"; };
		76AC25AB29C2E369007874DA /* Pipeline.swift */ = {isa = PBXFileReference; fileEncoding = 4; lastKnownFileType = sourcecode.swift; path = Pipeline.swift; sourceTree = "<group>"; };
		76AC25AD29C2E37B007874DA /* MovieItemPoster.swift */ = {isa = PBXFileReference; fileEncoding = 4; lastKnownFileType = sourcecode.swift; path = MovieItemPoster.swift; sourceTree = "<group>"; };
		76AC25AE29C2E37B007874DA /* BookMarkButton.swift */ = {isa = PBXFileReference; fileEncoding = 4; lastKnownFileType = sourcecode.swift; path = BookMarkButton.swift; sourceTree = "<group>"; };
		76AC25AF29C2E37C007874DA /* MovieItem.swift */ = {isa = PBXFileReference; fileEncoding = 4; lastKnownFileType = sourcecode.swift; path = MovieItem.swift; sourceTree = "<group>"; };
		76AC25B029C2E37C007874DA /* MovieShortInfo.swift */ = {isa = PBXFileReference; fileEncoding = 4; lastKnownFileType = sourcecode.swift; path = MovieShortInfo.swift; sourceTree = "<group>"; };
		76AC25B529C2E381007874DA /* Rate.swift */ = {isa = PBXFileReference; fileEncoding = 4; lastKnownFileType = sourcecode.swift; path = Rate.swift; sourceTree = "<group>"; };
		76AC25BC29C2E4C2007874DA /* en */ = {isa = PBXFileReference; lastKnownFileType = text.plist.strings; name = en; path = en.lproj/Localizable.strings; sourceTree = "<group>"; };
		76AC25BE29C2E4C6007874DA /* zh-Hans */ = {isa = PBXFileReference; lastKnownFileType = text.plist.strings; name = "zh-Hans"; path = "zh-Hans.lproj/Localizable.strings"; sourceTree = "<group>"; };
		76AC25BF29C2E7DC007874DA /* DebugResources.swift */ = {isa = PBXFileReference; lastKnownFileType = sourcecode.swift; path = DebugResources.swift; sourceTree = "<group>"; };
		76AC25C229C2E82A007874DA /* PersonPortrait.swift */ = {isa = PBXFileReference; fileEncoding = 4; lastKnownFileType = sourcecode.swift; path = PersonPortrait.swift; sourceTree = "<group>"; };
		76AC25C429C2E962007874DA /* TMDb */ = {isa = PBXFileReference; lastKnownFileType = wrapper; name = TMDb; path = ../TMDb; sourceTree = "<group>"; };
		76AC25C529C2EA5F007874DA /* MovieItemWrapper.swift */ = {isa = PBXFileReference; lastKnownFileType = sourcecode.swift; path = MovieItemWrapper.swift; sourceTree = "<group>"; };
		76AC25C729C2EAA1007874DA /* TMDBConfiguration.swift */ = {isa = PBXFileReference; lastKnownFileType = sourcecode.swift; path = TMDBConfiguration.swift; sourceTree = "<group>"; };
		76AC25CA29C2EB06007874DA /* TMDBEnviromentKey.swift */ = {isa = PBXFileReference; lastKnownFileType = sourcecode.swift; path = TMDBEnviromentKey.swift; sourceTree = "<group>"; };
		76AC25FE29C3F4D0007874DA /* MovieGenre.swift */ = {isa = PBXFileReference; lastKnownFileType = sourcecode.swift; path = MovieGenre.swift; sourceTree = "<group>"; };
		76AC260029C45C69007874DA /* Destination.swift */ = {isa = PBXFileReference; lastKnownFileType = sourcecode.swift; path = Destination.swift; sourceTree = "<group>"; };
/* End PBXFileReference section */

/* Begin PBXFrameworksBuildPhase section */
		76AC257C29C2E23A007874DA /* Frameworks */ = {
			isa = PBXFrameworksBuildPhase;
			buildActionMask = 2147483647;
			files = (
				76AC259529C2E2A0007874DA /* TMDb in Frameworks */,
				76AC259829C2E2D4007874DA /* Nuke in Frameworks */,
				76AC259E29C2E2D4007874DA /* NukeVideo in Frameworks */,
				76AC259A29C2E2D4007874DA /* NukeExtensions in Frameworks */,
				76751E5C29C5478C0013BBDF /* CloudStorage in Frameworks */,
				76AC259C29C2E2D4007874DA /* NukeUI in Frameworks */,
			);
			runOnlyForDeploymentPostprocessing = 0;
		};
/* End PBXFrameworksBuildPhase section */

/* Begin PBXGroup section */
		76751E4B29C541C30013BBDF /* DataFlow */ = {
			isa = PBXGroup;
			children = (
				76751E4C29C541D70013BBDF /* Reducer.swift */,
				76751E4E29C542110013BBDF /* AppState.swift */,
				76751E5029C5424C0013BBDF /* Store.swift */,
				76751E5229C542F10013BBDF /* AppAction.swift */,
				76751E5429C544DC0013BBDF /* Configuration.swift */,
				76751E5829C547570013BBDF /* Favorite.swift */,
			);
			path = DataFlow;
			sourceTree = "<group>";
		};
		76AC257629C2E23A007874DA = {
			isa = PBXGroup;
			children = (
				76AC25C429C2E962007874DA /* TMDb */,
				76AC258129C2E23A007874DA /* MovieHunter */,
				76AC258029C2E23A007874DA /* Products */,
			);
			sourceTree = "<group>";
		};
		76AC258029C2E23A007874DA /* Products */ = {
			isa = PBXGroup;
			children = (
				76AC257F29C2E23A007874DA /* MovieHunter.app */,
			);
			name = Products;
			sourceTree = "<group>";
		};
		76AC258129C2E23A007874DA /* MovieHunter */ = {
			isa = PBXGroup;
			children = (
				76751E4B29C541C30013BBDF /* DataFlow */,
				76AC25B829C2E4AF007874DA /* Resources */,
				76AC259229C2E250007874DA /* Views */,
				76AC25FD29C3F4C2007874DA /* Model */,
				76AC259129C2E24A007874DA /* Share */,
				76AC258229C2E23A007874DA /* MovieHunterApp.swift */,
				76AC258429C2E23A007874DA /* ContentView.swift */,
				76AC258629C2E23B007874DA /* Assets.xcassets */,
				76AC258829C2E23B007874DA /* MovieHunter.entitlements */,
				76AC258929C2E23B007874DA /* Preview Content */,
			);
			path = MovieHunter;
			sourceTree = "<group>";
		};
		76AC258929C2E23B007874DA /* Preview Content */ = {
			isa = PBXGroup;
			children = (
				76AC258A29C2E23B007874DA /* Preview Assets.xcassets */,
			);
			path = "Preview Content";
			sourceTree = "<group>";
		};
		76AC259129C2E24A007874DA /* Share */ = {
			isa = PBXGroup;
			children = (
				76AC25C929C2EABF007874DA /* TMDB */,
				76AC25B729C2E3FA007874DA /* Configuration */,
				76AC25A329C2E339007874DA /* SwiftUI */,
				76AC25A229C2E332007874DA /* Nuke */,
				76AC25A129C2E323007874DA /* Foundation */,
			);
			path = Share;
			sourceTree = "<group>";
		};
		76AC259229C2E250007874DA /* Views */ = {
			isa = PBXGroup;
			children = (
				76AC25C129C2E821007874DA /* Person */,
				76AC25A029C2E2F3007874DA /* MovieDetail */,
				76AC259F29C2E2E9007874DA /* MovieItem */,
			);
			path = Views;
			sourceTree = "<group>";
		};
		76AC259F29C2E2E9007874DA /* MovieItem */ = {
			isa = PBXGroup;
			children = (
				76AC25AE29C2E37B007874DA /* BookMarkButton.swift */,
				76AC25AD29C2E37B007874DA /* MovieItemPoster.swift */,
				76AC25AF29C2E37C007874DA /* MovieItem.swift */,
				76AC25B029C2E37C007874DA /* MovieShortInfo.swift */,
				76AC25C529C2EA5F007874DA /* MovieItemWrapper.swift */,
			);
			path = MovieItem;
			sourceTree = "<group>";
		};
		76AC25A029C2E2F3007874DA /* MovieDetail */ = {
			isa = PBXGroup;
			children = (
				76AC25B529C2E381007874DA /* Rate.swift */,
			);
			path = MovieDetail;
			sourceTree = "<group>";
		};
		76AC25A129C2E323007874DA /* Foundation */ = {
			isa = PBXGroup;
			children = (
			);
			path = Foundation;
			sourceTree = "<group>";
		};
		76AC25A229C2E332007874DA /* Nuke */ = {
			isa = PBXGroup;
			children = (
				76AC25AB29C2E369007874DA /* Pipeline.swift */,
			);
			path = Nuke;
			sourceTree = "<group>";
		};
		76AC25A329C2E339007874DA /* SwiftUI */ = {
			isa = PBXGroup;
			children = (
				76AC25A729C2E35B007874DA /* Shape.swift */,
				76AC25A829C2E35B007874DA /* ViewExtension.swift */,
				76AC25A529C2E350007874DA /* DeviceStatus.swift */,
			);
			path = SwiftUI;
			sourceTree = "<group>";
		};
		76AC25B729C2E3FA007874DA /* Configuration */ = {
			isa = PBXGroup;
			children = (
				76AC25BF29C2E7DC007874DA /* DebugResources.swift */,
				76AC25C729C2EAA1007874DA /* TMDBConfiguration.swift */,
			);
			path = Configuration;
			sourceTree = "<group>";
		};
		76AC25B829C2E4AF007874DA /* Resources */ = {
			isa = PBXGroup;
			children = (
				76AC25BD29C2E4C2007874DA /* Localizable.strings */,
			);
			path = Resources;
			sourceTree = "<group>";
		};
		76AC25C129C2E821007874DA /* Person */ = {
			isa = PBXGroup;
			children = (
				76AC25C229C2E82A007874DA /* PersonPortrait.swift */,
			);
			path = Person;
			sourceTree = "<group>";
		};
		76AC25C929C2EABF007874DA /* TMDB */ = {
			isa = PBXGroup;
			children = (
				76AC25CA29C2EB06007874DA /* TMDBEnviromentKey.swift */,
			);
			path = TMDB;
			sourceTree = "<group>";
		};
		76AC25FD29C3F4C2007874DA /* Model */ = {
			isa = PBXGroup;
			children = (
				76AC25FE29C3F4D0007874DA /* MovieGenre.swift */,
				76AC260029C45C69007874DA /* Destination.swift */,
				76751E5629C547350013BBDF /* ColorSchemeSetting.swift */,
				76751E5D29C556500013BBDF /* TabDestination.swift */,
			);
			path = Model;
			sourceTree = "<group>";
		};
/* End PBXGroup section */

/* Begin PBXNativeTarget section */
		76AC257E29C2E23A007874DA /* MovieHunter */ = {
			isa = PBXNativeTarget;
			buildConfigurationList = 76AC258E29C2E23B007874DA /* Build configuration list for PBXNativeTarget "MovieHunter" */;
			buildPhases = (
				76AC257B29C2E23A007874DA /* Sources */,
				76AC257C29C2E23A007874DA /* Frameworks */,
				76AC257D29C2E23A007874DA /* Resources */,
			);
			buildRules = (
			);
			dependencies = (
			);
			name = MovieHunter;
			packageProductDependencies = (
				76AC259429C2E2A0007874DA /* TMDb */,
				76AC259729C2E2D4007874DA /* Nuke */,
				76AC259929C2E2D4007874DA /* NukeExtensions */,
				76AC259B29C2E2D4007874DA /* NukeUI */,
				76AC259D29C2E2D4007874DA /* NukeVideo */,
				76751E5B29C5478C0013BBDF /* CloudStorage */,
			);
			productName = MovieHunter;
			productReference = 76AC257F29C2E23A007874DA /* MovieHunter.app */;
			productType = "com.apple.product-type.application";
		};
/* End PBXNativeTarget section */

/* Begin PBXProject section */
		76AC257729C2E23A007874DA /* Project object */ = {
			isa = PBXProject;
			attributes = {
				BuildIndependentTargetsInParallel = 1;
				LastSwiftUpdateCheck = 1430;
				LastUpgradeCheck = 1430;
				TargetAttributes = {
					76AC257E29C2E23A007874DA = {
						CreatedOnToolsVersion = 14.3;
					};
				};
			};
			buildConfigurationList = 76AC257A29C2E23A007874DA /* Build configuration list for PBXProject "MovieHunter" */;
			compatibilityVersion = "Xcode 14.0";
			developmentRegion = en;
			hasScannedForEncodings = 0;
			knownRegions = (
				en,
				Base,
				"zh-Hans",
			);
			mainGroup = 76AC257629C2E23A007874DA;
			packageReferences = (
				76AC259329C2E2A0007874DA /* XCRemoteSwiftPackageReference "TMDb" */,
				76AC259629C2E2D4007874DA /* XCRemoteSwiftPackageReference "Nuke" */,
				76751E5A29C5478C0013BBDF /* XCRemoteSwiftPackageReference "CloudStorage" */,
			);
			productRefGroup = 76AC258029C2E23A007874DA /* Products */;
			projectDirPath = "";
			projectRoot = "";
			targets = (
				76AC257E29C2E23A007874DA /* MovieHunter */,
			);
		};
/* End PBXProject section */

/* Begin PBXResourcesBuildPhase section */
		76AC257D29C2E23A007874DA /* Resources */ = {
			isa = PBXResourcesBuildPhase;
			buildActionMask = 2147483647;
			files = (
				76AC258B29C2E23B007874DA /* Preview Assets.xcassets in Resources */,
				76AC25BB29C2E4C2007874DA /* Localizable.strings in Resources */,
				76AC258729C2E23B007874DA /* Assets.xcassets in Resources */,
			);
			runOnlyForDeploymentPostprocessing = 0;
		};
/* End PBXResourcesBuildPhase section */

/* Begin PBXSourcesBuildPhase section */
		76AC257B29C2E23A007874DA /* Sources */ = {
			isa = PBXSourcesBuildPhase;
			buildActionMask = 2147483647;
			files = (
				76751E5129C5424C0013BBDF /* Store.swift in Sources */,
				76AC25B329C2E37C007874DA /* MovieItem.swift in Sources */,
				76AC258529C2E23A007874DA /* ContentView.swift in Sources */,
				76AC25B429C2E37C007874DA /* MovieShortInfo.swift in Sources */,
				76AC25B229C2E37C007874DA /* BookMarkButton.swift in Sources */,
				76751E4D29C541D70013BBDF /* Reducer.swift in Sources */,
				76AC25B129C2E37C007874DA /* MovieItemPoster.swift in Sources */,
				76AC25C629C2EA5F007874DA /* MovieItemWrapper.swift in Sources */,
				76AC25C029C2E7DC007874DA /* DebugResources.swift in Sources */,
				76AC25A629C2E350007874DA /* DeviceStatus.swift in Sources */,
				76AC258329C2E23A007874DA /* MovieHunterApp.swift in Sources */,
				76AC25CB29C2EB06007874DA /* TMDBEnviromentKey.swift in Sources */,
				76751E4F29C542110013BBDF /* AppState.swift in Sources */,
				76AC25C829C2EAA1007874DA /* TMDBConfiguration.swift in Sources */,
				76AC25AC29C2E369007874DA /* Pipeline.swift in Sources */,
				76751E5329C542F10013BBDF /* AppAction.swift in Sources */,
				76AC25FF29C3F4D0007874DA /* MovieGenre.swift in Sources */,
				76AC25B629C2E381007874DA /* Rate.swift in Sources */,
				76AC260129C45C69007874DA /* Destination.swift in Sources */,
				76AC25A929C2E35C007874DA /* Shape.swift in Sources */,
				76751E5929C547570013BBDF /* Favorite.swift in Sources */,
				76751E5529C544DC0013BBDF /* Configuration.swift in Sources */,
				76751E5E29C556500013BBDF /* TabDestination.swift in Sources */,
				76751E5729C547350013BBDF /* ColorSchemeSetting.swift in Sources */,
				76AC25C329C2E82A007874DA /* PersonPortrait.swift in Sources */,
				76AC25AA29C2E35C007874DA /* ViewExtension.swift in Sources */,
			);
			runOnlyForDeploymentPostprocessing = 0;
		};
/* End PBXSourcesBuildPhase section */

/* Begin PBXVariantGroup section */
		76AC25BD29C2E4C2007874DA /* Localizable.strings */ = {
			isa = PBXVariantGroup;
			children = (
				76AC25BC29C2E4C2007874DA /* en */,
				76AC25BE29C2E4C6007874DA /* zh-Hans */,
			);
			name = Localizable.strings;
			sourceTree = "<group>";
		};
/* End PBXVariantGroup section */

/* Begin XCBuildConfiguration section */
		76AC258C29C2E23B007874DA /* Debug */ = {
			isa = XCBuildConfiguration;
			buildSettings = {
				ALWAYS_SEARCH_USER_PATHS = NO;
				CLANG_ANALYZER_NONNULL = YES;
				CLANG_ANALYZER_NUMBER_OBJECT_CONVERSION = YES_AGGRESSIVE;
				CLANG_CXX_LANGUAGE_STANDARD = "gnu++20";
				CLANG_ENABLE_MODULES = YES;
				CLANG_ENABLE_OBJC_ARC = YES;
				CLANG_ENABLE_OBJC_WEAK = YES;
				CLANG_WARN_BLOCK_CAPTURE_AUTORELEASING = YES;
				CLANG_WARN_BOOL_CONVERSION = YES;
				CLANG_WARN_COMMA = YES;
				CLANG_WARN_CONSTANT_CONVERSION = YES;
				CLANG_WARN_DEPRECATED_OBJC_IMPLEMENTATIONS = YES;
				CLANG_WARN_DIRECT_OBJC_ISA_USAGE = YES_ERROR;
				CLANG_WARN_DOCUMENTATION_COMMENTS = YES;
				CLANG_WARN_EMPTY_BODY = YES;
				CLANG_WARN_ENUM_CONVERSION = YES;
				CLANG_WARN_INFINITE_RECURSION = YES;
				CLANG_WARN_INT_CONVERSION = YES;
				CLANG_WARN_NON_LITERAL_NULL_CONVERSION = YES;
				CLANG_WARN_OBJC_IMPLICIT_RETAIN_SELF = YES;
				CLANG_WARN_OBJC_LITERAL_CONVERSION = YES;
				CLANG_WARN_OBJC_ROOT_CLASS = YES_ERROR;
				CLANG_WARN_QUOTED_INCLUDE_IN_FRAMEWORK_HEADER = YES;
				CLANG_WARN_RANGE_LOOP_ANALYSIS = YES;
				CLANG_WARN_STRICT_PROTOTYPES = YES;
				CLANG_WARN_SUSPICIOUS_MOVE = YES;
				CLANG_WARN_UNGUARDED_AVAILABILITY = YES_AGGRESSIVE;
				CLANG_WARN_UNREACHABLE_CODE = YES;
				CLANG_WARN__DUPLICATE_METHOD_MATCH = YES;
				COPY_PHASE_STRIP = NO;
				DEBUG_INFORMATION_FORMAT = dwarf;
				ENABLE_STRICT_OBJC_MSGSEND = YES;
				ENABLE_TESTABILITY = YES;
				GCC_C_LANGUAGE_STANDARD = gnu11;
				GCC_DYNAMIC_NO_PIC = NO;
				GCC_NO_COMMON_BLOCKS = YES;
				GCC_OPTIMIZATION_LEVEL = 0;
				GCC_PREPROCESSOR_DEFINITIONS = (
					"DEBUG=1",
					"$(inherited)",
				);
				GCC_WARN_64_TO_32_BIT_CONVERSION = YES;
				GCC_WARN_ABOUT_RETURN_TYPE = YES_ERROR;
				GCC_WARN_UNDECLARED_SELECTOR = YES;
				GCC_WARN_UNINITIALIZED_AUTOS = YES_AGGRESSIVE;
				GCC_WARN_UNUSED_FUNCTION = YES;
				GCC_WARN_UNUSED_VARIABLE = YES;
				MTL_ENABLE_DEBUG_INFO = INCLUDE_SOURCE;
				MTL_FAST_MATH = YES;
				ONLY_ACTIVE_ARCH = YES;
				SWIFT_ACTIVE_COMPILATION_CONDITIONS = DEBUG;
				SWIFT_OPTIMIZATION_LEVEL = "-Onone";
			};
			name = Debug;
		};
		76AC258D29C2E23B007874DA /* Release */ = {
			isa = XCBuildConfiguration;
			buildSettings = {
				ALWAYS_SEARCH_USER_PATHS = NO;
				CLANG_ANALYZER_NONNULL = YES;
				CLANG_ANALYZER_NUMBER_OBJECT_CONVERSION = YES_AGGRESSIVE;
				CLANG_CXX_LANGUAGE_STANDARD = "gnu++20";
				CLANG_ENABLE_MODULES = YES;
				CLANG_ENABLE_OBJC_ARC = YES;
				CLANG_ENABLE_OBJC_WEAK = YES;
				CLANG_WARN_BLOCK_CAPTURE_AUTORELEASING = YES;
				CLANG_WARN_BOOL_CONVERSION = YES;
				CLANG_WARN_COMMA = YES;
				CLANG_WARN_CONSTANT_CONVERSION = YES;
				CLANG_WARN_DEPRECATED_OBJC_IMPLEMENTATIONS = YES;
				CLANG_WARN_DIRECT_OBJC_ISA_USAGE = YES_ERROR;
				CLANG_WARN_DOCUMENTATION_COMMENTS = YES;
				CLANG_WARN_EMPTY_BODY = YES;
				CLANG_WARN_ENUM_CONVERSION = YES;
				CLANG_WARN_INFINITE_RECURSION = YES;
				CLANG_WARN_INT_CONVERSION = YES;
				CLANG_WARN_NON_LITERAL_NULL_CONVERSION = YES;
				CLANG_WARN_OBJC_IMPLICIT_RETAIN_SELF = YES;
				CLANG_WARN_OBJC_LITERAL_CONVERSION = YES;
				CLANG_WARN_OBJC_ROOT_CLASS = YES_ERROR;
				CLANG_WARN_QUOTED_INCLUDE_IN_FRAMEWORK_HEADER = YES;
				CLANG_WARN_RANGE_LOOP_ANALYSIS = YES;
				CLANG_WARN_STRICT_PROTOTYPES = YES;
				CLANG_WARN_SUSPICIOUS_MOVE = YES;
				CLANG_WARN_UNGUARDED_AVAILABILITY = YES_AGGRESSIVE;
				CLANG_WARN_UNREACHABLE_CODE = YES;
				CLANG_WARN__DUPLICATE_METHOD_MATCH = YES;
				COPY_PHASE_STRIP = NO;
				DEBUG_INFORMATION_FORMAT = "dwarf-with-dsym";
				ENABLE_NS_ASSERTIONS = NO;
				ENABLE_STRICT_OBJC_MSGSEND = YES;
				GCC_C_LANGUAGE_STANDARD = gnu11;
				GCC_NO_COMMON_BLOCKS = YES;
				GCC_WARN_64_TO_32_BIT_CONVERSION = YES;
				GCC_WARN_ABOUT_RETURN_TYPE = YES_ERROR;
				GCC_WARN_UNDECLARED_SELECTOR = YES;
				GCC_WARN_UNINITIALIZED_AUTOS = YES_AGGRESSIVE;
				GCC_WARN_UNUSED_FUNCTION = YES;
				GCC_WARN_UNUSED_VARIABLE = YES;
				MTL_ENABLE_DEBUG_INFO = NO;
				MTL_FAST_MATH = YES;
				SWIFT_COMPILATION_MODE = wholemodule;
				SWIFT_OPTIMIZATION_LEVEL = "-O";
			};
			name = Release;
		};
		76AC258F29C2E23B007874DA /* Debug */ = {
			isa = XCBuildConfiguration;
			buildSettings = {
				ASSETCATALOG_COMPILER_APPICON_NAME = AppIcon;
				ASSETCATALOG_COMPILER_GLOBAL_ACCENT_COLOR_NAME = AccentColor;
				CODE_SIGN_ENTITLEMENTS = MovieHunter/MovieHunter.entitlements;
				CODE_SIGN_STYLE = Automatic;
				CURRENT_PROJECT_VERSION = 1;
				DEVELOPMENT_ASSET_PATHS = "\"MovieHunter/Preview Content\"";
				DEVELOPMENT_TEAM = VFBLFL665K;
				ENABLE_HARDENED_RUNTIME = YES;
				ENABLE_PREVIEWS = YES;
				GENERATE_INFOPLIST_FILE = YES;
				"INFOPLIST_KEY_UIApplicationSceneManifest_Generation[sdk=iphoneos*]" = YES;
				"INFOPLIST_KEY_UIApplicationSceneManifest_Generation[sdk=iphonesimulator*]" = YES;
				"INFOPLIST_KEY_UIApplicationSupportsIndirectInputEvents[sdk=iphoneos*]" = YES;
				"INFOPLIST_KEY_UIApplicationSupportsIndirectInputEvents[sdk=iphonesimulator*]" = YES;
				"INFOPLIST_KEY_UILaunchScreen_Generation[sdk=iphoneos*]" = YES;
				"INFOPLIST_KEY_UILaunchScreen_Generation[sdk=iphonesimulator*]" = YES;
				"INFOPLIST_KEY_UIStatusBarStyle[sdk=iphoneos*]" = UIStatusBarStyleDefault;
				"INFOPLIST_KEY_UIStatusBarStyle[sdk=iphonesimulator*]" = UIStatusBarStyleDefault;
				INFOPLIST_KEY_UISupportedInterfaceOrientations_iPad = "UIInterfaceOrientationPortrait UIInterfaceOrientationPortraitUpsideDown UIInterfaceOrientationLandscapeLeft UIInterfaceOrientationLandscapeRight";
				INFOPLIST_KEY_UISupportedInterfaceOrientations_iPhone = "UIInterfaceOrientationPortrait UIInterfaceOrientationLandscapeLeft UIInterfaceOrientationLandscapeRight";
				IPHONEOS_DEPLOYMENT_TARGET = 16.4;
				LD_RUNPATH_SEARCH_PATHS = "@executable_path/Frameworks";
				"LD_RUNPATH_SEARCH_PATHS[sdk=macosx*]" = "@executable_path/../Frameworks";
				MACOSX_DEPLOYMENT_TARGET = 13.2;
				MARKETING_VERSION = 1.0;
				PRODUCT_BUNDLE_IDENTIFIER = com.fatbobman.MovieHunter;
				PRODUCT_NAME = "$(TARGET_NAME)";
				SDKROOT = auto;
				SUPPORTED_PLATFORMS = "iphoneos iphonesimulator macosx";
				SWIFT_EMIT_LOC_STRINGS = YES;
				SWIFT_VERSION = 5.0;
				TARGETED_DEVICE_FAMILY = "1,2";
			};
			name = Debug;
		};
		76AC259029C2E23B007874DA /* Release */ = {
			isa = XCBuildConfiguration;
			buildSettings = {
				ASSETCATALOG_COMPILER_APPICON_NAME = AppIcon;
				ASSETCATALOG_COMPILER_GLOBAL_ACCENT_COLOR_NAME = AccentColor;
				CODE_SIGN_ENTITLEMENTS = MovieHunter/MovieHunter.entitlements;
				CODE_SIGN_STYLE = Automatic;
				CURRENT_PROJECT_VERSION = 1;
				DEVELOPMENT_ASSET_PATHS = "\"MovieHunter/Preview Content\"";
				DEVELOPMENT_TEAM = VFBLFL665K;
				ENABLE_HARDENED_RUNTIME = YES;
				ENABLE_PREVIEWS = YES;
				GENERATE_INFOPLIST_FILE = YES;
				"INFOPLIST_KEY_UIApplicationSceneManifest_Generation[sdk=iphoneos*]" = YES;
				"INFOPLIST_KEY_UIApplicationSceneManifest_Generation[sdk=iphonesimulator*]" = YES;
				"INFOPLIST_KEY_UIApplicationSupportsIndirectInputEvents[sdk=iphoneos*]" = YES;
				"INFOPLIST_KEY_UIApplicationSupportsIndirectInputEvents[sdk=iphonesimulator*]" = YES;
				"INFOPLIST_KEY_UILaunchScreen_Generation[sdk=iphoneos*]" = YES;
				"INFOPLIST_KEY_UILaunchScreen_Generation[sdk=iphonesimulator*]" = YES;
				"INFOPLIST_KEY_UIStatusBarStyle[sdk=iphoneos*]" = UIStatusBarStyleDefault;
				"INFOPLIST_KEY_UIStatusBarStyle[sdk=iphonesimulator*]" = UIStatusBarStyleDefault;
				INFOPLIST_KEY_UISupportedInterfaceOrientations_iPad = "UIInterfaceOrientationPortrait UIInterfaceOrientationPortraitUpsideDown UIInterfaceOrientationLandscapeLeft UIInterfaceOrientationLandscapeRight";
				INFOPLIST_KEY_UISupportedInterfaceOrientations_iPhone = "UIInterfaceOrientationPortrait UIInterfaceOrientationLandscapeLeft UIInterfaceOrientationLandscapeRight";
				IPHONEOS_DEPLOYMENT_TARGET = 16.4;
				LD_RUNPATH_SEARCH_PATHS = "@executable_path/Frameworks";
				"LD_RUNPATH_SEARCH_PATHS[sdk=macosx*]" = "@executable_path/../Frameworks";
				MACOSX_DEPLOYMENT_TARGET = 13.2;
				MARKETING_VERSION = 1.0;
				PRODUCT_BUNDLE_IDENTIFIER = com.fatbobman.MovieHunter;
				PRODUCT_NAME = "$(TARGET_NAME)";
				SDKROOT = auto;
				SUPPORTED_PLATFORMS = "iphoneos iphonesimulator macosx";
				SWIFT_EMIT_LOC_STRINGS = YES;
				SWIFT_VERSION = 5.0;
				TARGETED_DEVICE_FAMILY = "1,2";
			};
			name = Release;
		};
/* End XCBuildConfiguration section */

/* Begin XCConfigurationList section */
		76AC257A29C2E23A007874DA /* Build configuration list for PBXProject "MovieHunter" */ = {
			isa = XCConfigurationList;
			buildConfigurations = (
				76AC258C29C2E23B007874DA /* Debug */,
				76AC258D29C2E23B007874DA /* Release */,
			);
			defaultConfigurationIsVisible = 0;
			defaultConfigurationName = Release;
		};
		76AC258E29C2E23B007874DA /* Build configuration list for PBXNativeTarget "MovieHunter" */ = {
			isa = XCConfigurationList;
			buildConfigurations = (
				76AC258F29C2E23B007874DA /* Debug */,
				76AC259029C2E23B007874DA /* Release */,
			);
			defaultConfigurationIsVisible = 0;
			defaultConfigurationName = Release;
		};
/* End XCConfigurationList section */

/* Begin XCRemoteSwiftPackageReference section */
		76751E5A29C5478C0013BBDF /* XCRemoteSwiftPackageReference "CloudStorage" */ = {
			isa = XCRemoteSwiftPackageReference;
			repositoryURL = "https://github.com/fatbobman/CloudStorage.git";
			requirement = {
				branch = main;
				kind = branch;
			};
		};
		76AC259329C2E2A0007874DA /* XCRemoteSwiftPackageReference "TMDb" */ = {
			isa = XCRemoteSwiftPackageReference;
			repositoryURL = "https://github.com/fatbobman/TMDb.git";
			requirement = {
				branch = main;
				kind = branch;
			};
		};
		76AC259629C2E2D4007874DA /* XCRemoteSwiftPackageReference "Nuke" */ = {
			isa = XCRemoteSwiftPackageReference;
			repositoryURL = "https://github.com/kean/Nuke.git";
			requirement = {
				kind = upToNextMajorVersion;
				minimumVersion = 12.0.0;
			};
		};
/* End XCRemoteSwiftPackageReference section */

/* Begin XCSwiftPackageProductDependency section */
		76751E5B29C5478C0013BBDF /* CloudStorage */ = {
			isa = XCSwiftPackageProductDependency;
			package = 76751E5A29C5478C0013BBDF /* XCRemoteSwiftPackageReference "CloudStorage" */;
			productName = CloudStorage;
		};
		76AC259429C2E2A0007874DA /* TMDb */ = {
			isa = XCSwiftPackageProductDependency;
			package = 76AC259329C2E2A0007874DA /* XCRemoteSwiftPackageReference "TMDb" */;
			productName = TMDb;
		};
		76AC259729C2E2D4007874DA /* Nuke */ = {
			isa = XCSwiftPackageProductDependency;
			package = 76AC259629C2E2D4007874DA /* XCRemoteSwiftPackageReference "Nuke" */;
			productName = Nuke;
		};
		76AC259929C2E2D4007874DA /* NukeExtensions */ = {
			isa = XCSwiftPackageProductDependency;
			package = 76AC259629C2E2D4007874DA /* XCRemoteSwiftPackageReference "Nuke" */;
			productName = NukeExtensions;
		};
		76AC259B29C2E2D4007874DA /* NukeUI */ = {
			isa = XCSwiftPackageProductDependency;
			package = 76AC259629C2E2D4007874DA /* XCRemoteSwiftPackageReference "Nuke" */;
			productName = NukeUI;
		};
		76AC259D29C2E2D4007874DA /* NukeVideo */ = {
			isa = XCSwiftPackageProductDependency;
			package = 76AC259629C2E2D4007874DA /* XCRemoteSwiftPackageReference "Nuke" */;
			productName = NukeVideo;
		};
/* End XCSwiftPackageProductDependency section */
	};
	rootObject = 76AC257729C2E23A007874DA /* Project object */;
}
